
Microsoft Visual Studio Solution File, Format Version 12.00
# Visual Studio 15
VisualStudioVersion = 15.0.26124.0
MinimumVisualStudioVersion = 15.0.26124.0
Project("{FAE04EC0-301F-11D3-BF4B-00C04F79EFBC}") = "TransportLayer", "TransportLayer\TransportLayer.csproj", "{5340EE28-770E-4C19-864C-94C3F57CC7C5}"
EndProject
Project("{FAE04EC0-301F-11D3-BF4B-00C04F79EFBC}") = "DataLinkLayer", "DataLinkLayer\DataLinkLayer.csproj", "{70B2161B-453E-43C0-9789-AC30F404FE93}"
EndProject
Project("{FAE04EC0-301F-11D3-BF4B-00C04F79EFBC}") = "DataLinkLayer.Tests", "DataLinkLayer.Tests\DataLinkLayer.Tests.csproj", "{9301E0E9-5747-4C76-892E-713B14DC511B}"
EndProject
Project("{FAE04EC0-301F-11D3-BF4B-00C04F79EFBC}") = "ReactViewModel", "ReactViewModel\ReactViewModel.csproj", "{7E696B9D-7420-4F5F-B54B-168913F69981}"
EndProject
Project("{FAE04EC0-301F-11D3-BF4B-00C04F79EFBC}") = "FluentReactViewModel", "FluentReactViewModel\FluentReactViewModel.csproj", "{30E1328C-5ECD-44BF-95D3-7ED257B5EC07}"
EndProject
Project("{FAE04EC0-301F-11D3-BF4B-00C04F79EFBC}") = "StackServerProvider", "StackServerProvider\StackServerProvider.csproj", "{D74EA74A-3AE5-4A1C-8C93-DBA10170CEF3}"
EndProject
Global
	GlobalSection(SolutionConfigurationPlatforms) = preSolution
		Debug|Any CPU = Debug|Any CPU
		Debug|x64 = Debug|x64
		Debug|x86 = Debug|x86
		Release|Any CPU = Release|Any CPU
		Release|x64 = Release|x64
		Release|x86 = Release|x86
	EndGlobalSection
	GlobalSection(SolutionProperties) = preSolution
		HideSolutionNode = FALSE
	EndGlobalSection
	GlobalSection(ProjectConfigurationPlatforms) = postSolution
		{5340EE28-770E-4C19-864C-94C3F57CC7C5}.Debug|Any CPU.ActiveCfg = Debug|Any CPU
		{5340EE28-770E-4C19-864C-94C3F57CC7C5}.Debug|Any CPU.Build.0 = Debug|Any CPU
		{5340EE28-770E-4C19-864C-94C3F57CC7C5}.Debug|x64.ActiveCfg = Debug|Any CPU
		{5340EE28-770E-4C19-864C-94C3F57CC7C5}.Debug|x64.Build.0 = Debug|Any CPU
		{5340EE28-770E-4C19-864C-94C3F57CC7C5}.Debug|x86.ActiveCfg = Debug|Any CPU
		{5340EE28-770E-4C19-864C-94C3F57CC7C5}.Debug|x86.Build.0 = Debug|Any CPU
		{5340EE28-770E-4C19-864C-94C3F57CC7C5}.Release|Any CPU.ActiveCfg = Release|Any CPU
		{5340EE28-770E-4C19-864C-94C3F57CC7C5}.Release|Any CPU.Build.0 = Release|Any CPU
		{5340EE28-770E-4C19-864C-94C3F57CC7C5}.Release|x64.ActiveCfg = Release|Any CPU
		{5340EE28-770E-4C19-864C-94C3F57CC7C5}.Release|x64.Build.0 = Release|Any CPU
		{5340EE28-770E-4C19-864C-94C3F57CC7C5}.Release|x86.ActiveCfg = Release|Any CPU
		{5340EE28-770E-4C19-864C-94C3F57CC7C5}.Release|x86.Build.0 = Release|Any CPU
		{70B2161B-453E-43C0-9789-AC30F404FE93}.Debug|Any CPU.ActiveCfg = Debug|Any CPU
		{70B2161B-453E-43C0-9789-AC30F404FE93}.Debug|Any CPU.Build.0 = Debug|Any CPU
		{70B2161B-453E-43C0-9789-AC30F404FE93}.Debug|x64.ActiveCfg = Debug|Any CPU
		{70B2161B-453E-43C0-9789-AC30F404FE93}.Debug|x64.Build.0 = Debug|Any CPU
		{70B2161B-453E-43C0-9789-AC30F404FE93}.Debug|x86.ActiveCfg = Debug|Any CPU
		{70B2161B-453E-43C0-9789-AC30F404FE93}.Debug|x86.Build.0 = Debug|Any CPU
		{70B2161B-453E-43C0-9789-AC30F404FE93}.Release|Any CPU.ActiveCfg = Release|Any CPU
		{70B2161B-453E-43C0-9789-AC30F404FE93}.Release|Any CPU.Build.0 = Release|Any CPU
		{70B2161B-453E-43C0-9789-AC30F404FE93}.Release|x64.ActiveCfg = Release|Any CPU
		{70B2161B-453E-43C0-9789-AC30F404FE93}.Release|x64.Build.0 = Release|Any CPU
		{70B2161B-453E-43C0-9789-AC30F404FE93}.Release|x86.ActiveCfg = Release|Any CPU
		{70B2161B-453E-43C0-9789-AC30F404FE93}.Release|x86.Build.0 = Release|Any CPU
		{5FA66245-90EE-4A2F-B062-251BE1D56C54}.Debug|Any CPU.ActiveCfg = Debug|Any CPU
		{5FA66245-90EE-4A2F-B062-251BE1D56C54}.Debug|Any CPU.Build.0 = Debug|Any CPU
		{5FA66245-90EE-4A2F-B062-251BE1D56C54}.Debug|x64.ActiveCfg = Debug|Any CPU
		{5FA66245-90EE-4A2F-B062-251BE1D56C54}.Debug|x64.Build.0 = Debug|Any CPU
		{5FA66245-90EE-4A2F-B062-251BE1D56C54}.Debug|x86.ActiveCfg = Debug|Any CPU
		{5FA66245-90EE-4A2F-B062-251BE1D56C54}.Debug|x86.Build.0 = Debug|Any CPU
		{5FA66245-90EE-4A2F-B062-251BE1D56C54}.Release|Any CPU.ActiveCfg = Release|Any CPU
		{5FA66245-90EE-4A2F-B062-251BE1D56C54}.Release|Any CPU.Build.0 = Release|Any CPU
		{5FA66245-90EE-4A2F-B062-251BE1D56C54}.Release|x64.ActiveCfg = Release|Any CPU
		{5FA66245-90EE-4A2F-B062-251BE1D56C54}.Release|x64.Build.0 = Release|Any CPU
		{5FA66245-90EE-4A2F-B062-251BE1D56C54}.Release|x86.ActiveCfg = Release|Any CPU
		{5FA66245-90EE-4A2F-B062-251BE1D56C54}.Release|x86.Build.0 = Release|Any CPU
		{9301E0E9-5747-4C76-892E-713B14DC511B}.Debug|Any CPU.ActiveCfg = Debug|Any CPU
		{9301E0E9-5747-4C76-892E-713B14DC511B}.Debug|Any CPU.Build.0 = Debug|Any CPU
		{9301E0E9-5747-4C76-892E-713B14DC511B}.Debug|x64.ActiveCfg = Debug|Any CPU
		{9301E0E9-5747-4C76-892E-713B14DC511B}.Debug|x64.Build.0 = Debug|Any CPU
		{9301E0E9-5747-4C76-892E-713B14DC511B}.Debug|x86.ActiveCfg = Debug|Any CPU
		{9301E0E9-5747-4C76-892E-713B14DC511B}.Debug|x86.Build.0 = Debug|Any CPU
		{9301E0E9-5747-4C76-892E-713B14DC511B}.Release|Any CPU.ActiveCfg = Release|Any CPU
		{9301E0E9-5747-4C76-892E-713B14DC511B}.Release|Any CPU.Build.0 = Release|Any CPU
		{9301E0E9-5747-4C76-892E-713B14DC511B}.Release|x64.ActiveCfg = Release|Any CPU
		{9301E0E9-5747-4C76-892E-713B14DC511B}.Release|x64.Build.0 = Release|Any CPU
		{9301E0E9-5747-4C76-892E-713B14DC511B}.Release|x86.ActiveCfg = Release|Any CPU
		{9301E0E9-5747-4C76-892E-713B14DC511B}.Release|x86.Build.0 = Release|Any CPU
		{7E696B9D-7420-4F5F-B54B-168913F69981}.Debug|Any CPU.ActiveCfg = Debug|Any CPU
		{7E696B9D-7420-4F5F-B54B-168913F69981}.Debug|Any CPU.Build.0 = Debug|Any CPU
		{7E696B9D-7420-4F5F-B54B-168913F69981}.Debug|x64.ActiveCfg = Debug|Any CPU
		{7E696B9D-7420-4F5F-B54B-168913F69981}.Debug|x64.Build.0 = Debug|Any CPU
		{7E696B9D-7420-4F5F-B54B-168913F69981}.Debug|x86.ActiveCfg = Debug|Any CPU
		{7E696B9D-7420-4F5F-B54B-168913F69981}.Debug|x86.Build.0 = Debug|Any CPU
		{7E696B9D-7420-4F5F-B54B-168913F69981}.Release|Any CPU.ActiveCfg = Release|Any CPU
		{7E696B9D-7420-4F5F-B54B-168913F69981}.Release|Any CPU.Build.0 = Release|Any CPU
		{7E696B9D-7420-4F5F-B54B-168913F69981}.Release|x64.ActiveCfg = Release|Any CPU
		{7E696B9D-7420-4F5F-B54B-168913F69981}.Release|x64.Build.0 = Release|Any CPU
		{7E696B9D-7420-4F5F-B54B-168913F69981}.Release|x86.ActiveCfg = Release|Any CPU
		{7E696B9D-7420-4F5F-B54B-168913F69981}.Release|x86.Build.0 = Release|Any CPU
		{30E1328C-5ECD-44BF-95D3-7ED257B5EC07}.Debug|Any CPU.ActiveCfg = Debug|Any CPU
		{30E1328C-5ECD-44BF-95D3-7ED257B5EC07}.Debug|Any CPU.Build.0 = Debug|Any CPU
		{30E1328C-5ECD-44BF-95D3-7ED257B5EC07}.Debug|x64.ActiveCfg = Debug|Any CPU
		{30E1328C-5ECD-44BF-95D3-7ED257B5EC07}.Debug|x64.Build.0 = Debug|Any CPU
		{30E1328C-5ECD-44BF-95D3-7ED257B5EC07}.Debug|x86.ActiveCfg = Debug|Any CPU
		{30E1328C-5ECD-44BF-95D3-7ED257B5EC07}.Debug|x86.Build.0 = Debug|Any CPU
		{30E1328C-5ECD-44BF-95D3-7ED257B5EC07}.Release|Any CPU.ActiveCfg = Release|Any CPU
		{30E1328C-5ECD-44BF-95D3-7ED257B5EC07}.Release|Any CPU.Build.0 = Release|Any CPU
		{30E1328C-5ECD-44BF-95D3-7ED257B5EC07}.Release|x64.ActiveCfg = Release|Any CPU
		{30E1328C-5ECD-44BF-95D3-7ED257B5EC07}.Release|x64.Build.0 = Release|Any CPU
		{30E1328C-5ECD-44BF-95D3-7ED257B5EC07}.Release|x86.ActiveCfg = Release|Any CPU
		{30E1328C-5ECD-44BF-95D3-7ED257B5EC07}.Release|x86.Build.0 = Release|Any CPU
		{D74EA74A-3AE5-4A1C-8C93-DBA10170CEF3}.Debug|Any CPU.ActiveCfg = Debug|Any CPU
		{D74EA74A-3AE5-4A1C-8C93-DBA10170CEF3}.Debug|Any CPU.Build.0 = Debug|Any CPU
		{D74EA74A-3AE5-4A1C-8C93-DBA10170CEF3}.Debug|x64.ActiveCfg = Debug|Any CPU
		{D74EA74A-3AE5-4A1C-8C93-DBA10170CEF3}.Debug|x64.Build.0 = Debug|Any CPU
		{D74EA74A-3AE5-4A1C-8C93-DBA10170CEF3}.Debug|x86.ActiveCfg = Debug|Any CPU
		{D74EA74A-3AE5-4A1C-8C93-DBA10170CEF3}.Debug|x86.Build.0 = Debug|Any CPU
		{D74EA74A-3AE5-4A1C-8C93-DBA10170CEF3}.Release|Any CPU.ActiveCfg = Release|Any CPU
		{D74EA74A-3AE5-4A1C-8C93-DBA10170CEF3}.Release|Any CPU.Build.0 = Release|Any CPU
		{D74EA74A-3AE5-4A1C-8C93-DBA10170CEF3}.Release|x64.ActiveCfg = Release|Any CPU
		{D74EA74A-3AE5-4A1C-8C93-DBA10170CEF3}.Release|x64.Build.0 = Release|Any CPU
		{D74EA74A-3AE5-4A1C-8C93-DBA10170CEF3}.Release|x86.ActiveCfg = Release|Any CPU
		{D74EA74A-3AE5-4A1C-8C93-DBA10170CEF3}.Release|x86.Build.0 = Release|Any CPU
	EndGlobalSection
EndGlobal
